
Microsoft Visual Studio Solution File, Format Version 12.00
# Visual Studio 14
VisualStudioVersion = 14.0.24720.0
MinimumVisualStudioVersion = 10.0.40219.1
Project("{FAE04EC0-301F-11D3-BF4B-00C04F79EFBC}") = "MArchiveLibrary", "MArchiveLibrary\MArchiveLibrary.csproj", "{CBC09288-A06C-4A04-A81D-ED5044365773}"
EndProject
Project("{FAE04EC0-301F-11D3-BF4B-00C04F79EFBC}") = "MArchiveImdbParser", "MArchiveImdbParser\MArchiveImdbParser.csproj", "{B5F3AB80-124C-41D5-B743-AA3A5B40174A}"
EndProject
Project("{FAE04EC0-301F-11D3-BF4B-00C04F79EFBC}") = "TestWinForm", "TestWinForm\TestWinForm.csproj", "{FE9769B8-7B0D-4FE8-B804-48A06DB85BC7}"
EndProject
Project("{FAE04EC0-301F-11D3-BF4B-00C04F79EFBC}") = "com.cagdaskorkut.web", "..\com_cagdaskorkut\web\com.cagdaskorkut.web.csproj", "{6EE7DFD7-A0FB-47AD-8491-4A9934072C91}"
EndProject
Project("{FAE04EC0-301F-11D3-BF4B-00C04F79EFBC}") = "com.cagdaskorkut.utility", "..\com_cagdaskorkut\utility\com.cagdaskorkut.utility.csproj", "{C4D8C4CC-1CCE-4138-AA19-A9CF2E4C3C70}"
EndProject
Project("{FAE04EC0-301F-11D3-BF4B-00C04F79EFBC}") = "MArchiveTest", "MArchiveTest\MArchiveTest.csproj", "{C46C10B3-CB78-4C7F-9B71-ADC66398AE0A}"
EndProject
Project("{00D1A9C2-B5F0-4AF3-8072-F6C62B433612}") = "MovieArchiveDB", "MovieArchiveDB\MovieArchiveDB.sqlproj", "{C442EB95-4425-47C1-86AB-E83E0C72D09F}"
EndProject
Project("{FAE04EC0-301F-11D3-BF4B-00C04F79EFBC}") = "MArchive.BL", "MArchive.BL\MArchive.BL.csproj", "{EFD1C0EC-8317-483F-BB48-117F00ADF648}"
EndProject
Project("{FAE04EC0-301F-11D3-BF4B-00C04F79EFBC}") = "MArchive.DataContext", "MArchive.DataContext\MArchive.DataContext.csproj", "{5340045D-29EF-4B5B-A696-4C38E3F16E08}"
EndProject
Project("{FAE04EC0-301F-11D3-BF4B-00C04F79EFBC}") = "MArchive.Domain", "MArchive.Domain\MArchive.Domain.csproj", "{D92511EA-C93E-4460-9570-9A5B5C7845E1}"
EndProject
Project("{FAE04EC0-301F-11D3-BF4B-00C04F79EFBC}") = "MArchive.Web", "MArchive.Web\MArchive.Web.csproj", "{F182C905-0695-40E5-A172-2D685F99BDC4}"
EndProject
Project("{FAE04EC0-301F-11D3-BF4B-00C04F79EFBC}") = "MArchive.Web.Mvc", "MArchive.Web.Mvc\MArchive.Web.Mvc.csproj", "{48BC2EEA-545E-40AF-A8DC-F7477361D76E}"
EndProject
Project("{FAE04EC0-301F-11D3-BF4B-00C04F79EFBC}") = "com.cagdaskorkut.mvc", "..\com_cagdaskorkut\mvc\com.cagdaskorkut.mvc.csproj", "{4600FC30-DDAE-4C27-9561-E90508286539}"
EndProject
Global
	GlobalSection(SolutionConfigurationPlatforms) = preSolution
		Debug|Any CPU = Debug|Any CPU
		Debug|Mixed Platforms = Debug|Mixed Platforms
		Debug|x64 = Debug|x64
		Debug|x86 = Debug|x86
		Debug-AnyCPU|Any CPU = Debug-AnyCPU|Any CPU
		Debug-AnyCPU|Mixed Platforms = Debug-AnyCPU|Mixed Platforms
		Debug-AnyCPU|x64 = Debug-AnyCPU|x64
		Debug-AnyCPU|x86 = Debug-AnyCPU|x86
		Release|Any CPU = Release|Any CPU
		Release|Mixed Platforms = Release|Mixed Platforms
		Release|x64 = Release|x64
		Release|x86 = Release|x86
	EndGlobalSection
	GlobalSection(ProjectConfigurationPlatforms) = postSolution
		{CBC09288-A06C-4A04-A81D-ED5044365773}.Debug|Any CPU.ActiveCfg = Debug|Any CPU
		{CBC09288-A06C-4A04-A81D-ED5044365773}.Debug|Any CPU.Build.0 = Debug|Any CPU
		{CBC09288-A06C-4A04-A81D-ED5044365773}.Debug|Mixed Platforms.ActiveCfg = Debug|Any CPU
		{CBC09288-A06C-4A04-A81D-ED5044365773}.Debug|Mixed Platforms.Build.0 = Debug|Any CPU
		{CBC09288-A06C-4A04-A81D-ED5044365773}.Debug|x64.ActiveCfg = Debug|x64
		{CBC09288-A06C-4A04-A81D-ED5044365773}.Debug|x64.Build.0 = Debug|x64
		{CBC09288-A06C-4A04-A81D-ED5044365773}.Debug|x86.ActiveCfg = Debug|x86
		{CBC09288-A06C-4A04-A81D-ED5044365773}.Debug|x86.Build.0 = Debug|x86
		{CBC09288-A06C-4A04-A81D-ED5044365773}.Debug-AnyCPU|Any CPU.ActiveCfg = Debug-AnyCPU|Any CPU
		{CBC09288-A06C-4A04-A81D-ED5044365773}.Debug-AnyCPU|Any CPU.Build.0 = Debug-AnyCPU|Any CPU
		{CBC09288-A06C-4A04-A81D-ED5044365773}.Debug-AnyCPU|Mixed Platforms.ActiveCfg = Debug-AnyCPU|x86
		{CBC09288-A06C-4A04-A81D-ED5044365773}.Debug-AnyCPU|Mixed Platforms.Build.0 = Debug-AnyCPU|x86
		{CBC09288-A06C-4A04-A81D-ED5044365773}.Debug-AnyCPU|x64.ActiveCfg = Debug-AnyCPU|x64
		{CBC09288-A06C-4A04-A81D-ED5044365773}.Debug-AnyCPU|x64.Build.0 = Debug-AnyCPU|x64
		{CBC09288-A06C-4A04-A81D-ED5044365773}.Debug-AnyCPU|x86.ActiveCfg = Debug-AnyCPU|x86
		{CBC09288-A06C-4A04-A81D-ED5044365773}.Debug-AnyCPU|x86.Build.0 = Debug-AnyCPU|x86
		{CBC09288-A06C-4A04-A81D-ED5044365773}.Release|Any CPU.ActiveCfg = Release|Any CPU
		{CBC09288-A06C-4A04-A81D-ED5044365773}.Release|Any CPU.Build.0 = Release|Any CPU
		{CBC09288-A06C-4A04-A81D-ED5044365773}.Release|Mixed Platforms.ActiveCfg = Release|Any CPU
		{CBC09288-A06C-4A04-A81D-ED5044365773}.Release|Mixed Platforms.Build.0 = Release|Any CPU
		{CBC09288-A06C-4A04-A81D-ED5044365773}.Release|x64.ActiveCfg = Release|x64
		{CBC09288-A06C-4A04-A81D-ED5044365773}.Release|x64.Build.0 = Release|x64
		{CBC09288-A06C-4A04-A81D-ED5044365773}.Release|x86.ActiveCfg = Release|Any CPU
		{B5F3AB80-124C-41D5-B743-AA3A5B40174A}.Debug|Any CPU.ActiveCfg = Debug|Any CPU
		{B5F3AB80-124C-41D5-B743-AA3A5B40174A}.Debug|Any CPU.Build.0 = Debug|Any CPU
		{B5F3AB80-124C-41D5-B743-AA3A5B40174A}.Debug|Mixed Platforms.ActiveCfg = Debug|x86
		{B5F3AB80-124C-41D5-B743-AA3A5B40174A}.Debug|x64.ActiveCfg = Debug|x64
		{B5F3AB80-124C-41D5-B743-AA3A5B40174A}.Debug|x64.Build.0 = Debug|x64
		{B5F3AB80-124C-41D5-B743-AA3A5B40174A}.Debug|x86.ActiveCfg = Debug|x86
		{B5F3AB80-124C-41D5-B743-AA3A5B40174A}.Debug|x86.Build.0 = Debug|x86
		{B5F3AB80-124C-41D5-B743-AA3A5B40174A}.Debug-AnyCPU|Any CPU.ActiveCfg = Debug-AnyCPU|Any CPU
		{B5F3AB80-124C-41D5-B743-AA3A5B40174A}.Debug-AnyCPU|Mixed Platforms.ActiveCfg = Debug-AnyCPU|x86
		{B5F3AB80-124C-41D5-B743-AA3A5B40174A}.Debug-AnyCPU|Mixed Platforms.Build.0 = Debug-AnyCPU|x86
		{B5F3AB80-124C-41D5-B743-AA3A5B40174A}.Debug-AnyCPU|x64.ActiveCfg = Debug-AnyCPU|x64
		{B5F3AB80-124C-41D5-B743-AA3A5B40174A}.Debug-AnyCPU|x64.Build.0 = Debug-AnyCPU|x64
		{B5F3AB80-124C-41D5-B743-AA3A5B40174A}.Debug-AnyCPU|x86.ActiveCfg = Debug-AnyCPU|x86
		{B5F3AB80-124C-41D5-B743-AA3A5B40174A}.Debug-AnyCPU|x86.Build.0 = Debug-AnyCPU|x86
		{B5F3AB80-124C-41D5-B743-AA3A5B40174A}.Release|Any CPU.ActiveCfg = Release|x86
		{B5F3AB80-124C-41D5-B743-AA3A5B40174A}.Release|Mixed Platforms.ActiveCfg = Release|x86
		{B5F3AB80-124C-41D5-B743-AA3A5B40174A}.Release|Mixed Platforms.Build.0 = Release|x86
		{B5F3AB80-124C-41D5-B743-AA3A5B40174A}.Release|x64.ActiveCfg = Release|x64
		{B5F3AB80-124C-41D5-B743-AA3A5B40174A}.Release|x64.Build.0 = Release|x64
		{B5F3AB80-124C-41D5-B743-AA3A5B40174A}.Release|x86.ActiveCfg = Release|x86
		{B5F3AB80-124C-41D5-B743-AA3A5B40174A}.Release|x86.Build.0 = Release|x86
		{FE9769B8-7B0D-4FE8-B804-48A06DB85BC7}.Debug|Any CPU.ActiveCfg = Debug|Any CPU
		{FE9769B8-7B0D-4FE8-B804-48A06DB85BC7}.Debug|Mixed Platforms.ActiveCfg = Debug|Any CPU
		{FE9769B8-7B0D-4FE8-B804-48A06DB85BC7}.Debug|x64.ActiveCfg = Debug|x64
		{FE9769B8-7B0D-4FE8-B804-48A06DB85BC7}.Debug|x64.Build.0 = Debug|x64
		{FE9769B8-7B0D-4FE8-B804-48A06DB85BC7}.Debug|x86.ActiveCfg = Debug|x86
		{FE9769B8-7B0D-4FE8-B804-48A06DB85BC7}.Debug|x86.Build.0 = Debug|x86
		{FE9769B8-7B0D-4FE8-B804-48A06DB85BC7}.Debug-AnyCPU|Any CPU.ActiveCfg = Debug-AnyCPU|Any CPU
		{FE9769B8-7B0D-4FE8-B804-48A06DB85BC7}.Debug-AnyCPU|Mixed Platforms.ActiveCfg = Debug-AnyCPU|x86
		{FE9769B8-7B0D-4FE8-B804-48A06DB85BC7}.Debug-AnyCPU|Mixed Platforms.Build.0 = Debug-AnyCPU|x86
		{FE9769B8-7B0D-4FE8-B804-48A06DB85BC7}.Debug-AnyCPU|x64.ActiveCfg = Debug-AnyCPU|x64
		{FE9769B8-7B0D-4FE8-B804-48A06DB85BC7}.Debug-AnyCPU|x64.Build.0 = Debug-AnyCPU|x64
		{FE9769B8-7B0D-4FE8-B804-48A06DB85BC7}.Debug-AnyCPU|x86.ActiveCfg = Debug-AnyCPU|x86
		{FE9769B8-7B0D-4FE8-B804-48A06DB85BC7}.Debug-AnyCPU|x86.Build.0 = Debug-AnyCPU|x86
		{FE9769B8-7B0D-4FE8-B804-48A06DB85BC7}.Release|Any CPU.ActiveCfg = Release|Any CPU
		{FE9769B8-7B0D-4FE8-B804-48A06DB85BC7}.Release|Any CPU.Build.0 = Release|Any CPU
		{FE9769B8-7B0D-4FE8-B804-48A06DB85BC7}.Release|Mixed Platforms.ActiveCfg = Release|Any CPU
		{FE9769B8-7B0D-4FE8-B804-48A06DB85BC7}.Release|Mixed Platforms.Build.0 = Release|Any CPU
		{FE9769B8-7B0D-4FE8-B804-48A06DB85BC7}.Release|x64.ActiveCfg = Release|x64
		{FE9769B8-7B0D-4FE8-B804-48A06DB85BC7}.Release|x64.Build.0 = Release|x64
		{FE9769B8-7B0D-4FE8-B804-48A06DB85BC7}.Release|x86.ActiveCfg = Release|Any CPU
		{6EE7DFD7-A0FB-47AD-8491-4A9934072C91}.Debug|Any CPU.ActiveCfg = Debug|Any CPU
		{6EE7DFD7-A0FB-47AD-8491-4A9934072C91}.Debug|Any CPU.Build.0 = Debug|Any CPU
		{6EE7DFD7-A0FB-47AD-8491-4A9934072C91}.Debug|Mixed Platforms.ActiveCfg = Debug|Any CPU
		{6EE7DFD7-A0FB-47AD-8491-4A9934072C91}.Debug|Mixed Platforms.Build.0 = Debug|Any CPU
		{6EE7DFD7-A0FB-47AD-8491-4A9934072C91}.Debug|x64.ActiveCfg = Debug|Any CPU
		{6EE7DFD7-A0FB-47AD-8491-4A9934072C91}.Debug|x86.ActiveCfg = Debug|Any CPU
		{6EE7DFD7-A0FB-47AD-8491-4A9934072C91}.Debug-AnyCPU|Any CPU.ActiveCfg = Debug|Any CPU
		{6EE7DFD7-A0FB-47AD-8491-4A9934072C91}.Debug-AnyCPU|Any CPU.Build.0 = Debug|Any CPU
		{6EE7DFD7-A0FB-47AD-8491-4A9934072C91}.Debug-AnyCPU|Mixed Platforms.ActiveCfg = Debug|Any CPU
		{6EE7DFD7-A0FB-47AD-8491-4A9934072C91}.Debug-AnyCPU|Mixed Platforms.Build.0 = Debug|Any CPU
		{6EE7DFD7-A0FB-47AD-8491-4A9934072C91}.Debug-AnyCPU|x64.ActiveCfg = Debug|Any CPU
		{6EE7DFD7-A0FB-47AD-8491-4A9934072C91}.Debug-AnyCPU|x86.ActiveCfg = Debug|Any CPU
		{6EE7DFD7-A0FB-47AD-8491-4A9934072C91}.Release|Any CPU.ActiveCfg = Release|Any CPU
		{6EE7DFD7-A0FB-47AD-8491-4A9934072C91}.Release|Any CPU.Build.0 = Release|Any CPU
		{6EE7DFD7-A0FB-47AD-8491-4A9934072C91}.Release|Mixed Platforms.ActiveCfg = Release|Any CPU
		{6EE7DFD7-A0FB-47AD-8491-4A9934072C91}.Release|Mixed Platforms.Build.0 = Release|Any CPU
		{6EE7DFD7-A0FB-47AD-8491-4A9934072C91}.Release|x64.ActiveCfg = Release|Any CPU
		{6EE7DFD7-A0FB-47AD-8491-4A9934072C91}.Release|x86.ActiveCfg = Release|Any CPU
		{C4D8C4CC-1CCE-4138-AA19-A9CF2E4C3C70}.Debug|Any CPU.ActiveCfg = Debug|Any CPU
		{C4D8C4CC-1CCE-4138-AA19-A9CF2E4C3C70}.Debug|Any CPU.Build.0 = Debug|Any CPU
		{C4D8C4CC-1CCE-4138-AA19-A9CF2E4C3C70}.Debug|Mixed Platforms.ActiveCfg = Debug|Any CPU
		{C4D8C4CC-1CCE-4138-AA19-A9CF2E4C3C70}.Debug|Mixed Platforms.Build.0 = Debug|Any CPU
		{C4D8C4CC-1CCE-4138-AA19-A9CF2E4C3C70}.Debug|x64.ActiveCfg = Debug|Any CPU
		{C4D8C4CC-1CCE-4138-AA19-A9CF2E4C3C70}.Debug|x86.ActiveCfg = Debug|Any CPU
		{C4D8C4CC-1CCE-4138-AA19-A9CF2E4C3C70}.Debug-AnyCPU|Any CPU.ActiveCfg = Debug|Any CPU
		{C4D8C4CC-1CCE-4138-AA19-A9CF2E4C3C70}.Debug-AnyCPU|Any CPU.Build.0 = Debug|Any CPU
		{C4D8C4CC-1CCE-4138-AA19-A9CF2E4C3C70}.Debug-AnyCPU|Mixed Platforms.ActiveCfg = Debug|Any CPU
		{C4D8C4CC-1CCE-4138-AA19-A9CF2E4C3C70}.Debug-AnyCPU|Mixed Platforms.Build.0 = Debug|Any CPU
		{C4D8C4CC-1CCE-4138-AA19-A9CF2E4C3C70}.Debug-AnyCPU|x64.ActiveCfg = Debug|Any CPU
		{C4D8C4CC-1CCE-4138-AA19-A9CF2E4C3C70}.Debug-AnyCPU|x86.ActiveCfg = Debug|Any CPU
		{C4D8C4CC-1CCE-4138-AA19-A9CF2E4C3C70}.Release|Any CPU.ActiveCfg = Release|Any CPU
		{C4D8C4CC-1CCE-4138-AA19-A9CF2E4C3C70}.Release|Any CPU.Build.0 = Release|Any CPU
		{C4D8C4CC-1CCE-4138-AA19-A9CF2E4C3C70}.Release|Mixed Platforms.ActiveCfg = Release|Any CPU
		{C4D8C4CC-1CCE-4138-AA19-A9CF2E4C3C70}.Release|Mixed Platforms.Build.0 = Release|Any CPU
		{C4D8C4CC-1CCE-4138-AA19-A9CF2E4C3C70}.Release|x64.ActiveCfg = Release|Any CPU
		{C4D8C4CC-1CCE-4138-AA19-A9CF2E4C3C70}.Release|x86.ActiveCfg = Release|Any CPU
		{C46C10B3-CB78-4C7F-9B71-ADC66398AE0A}.Debug|Any CPU.ActiveCfg = Debug|Any CPU
		{C46C10B3-CB78-4C7F-9B71-ADC66398AE0A}.Debug|Any CPU.Build.0 = Debug|Any CPU
		{C46C10B3-CB78-4C7F-9B71-ADC66398AE0A}.Debug|Mixed Platforms.ActiveCfg = Debug|Any CPU
		{C46C10B3-CB78-4C7F-9B71-ADC66398AE0A}.Debug|x64.ActiveCfg = Debug|Any CPU
		{C46C10B3-CB78-4C7F-9B71-ADC66398AE0A}.Debug|x86.ActiveCfg = Debug|Any CPU
		{C46C10B3-CB78-4C7F-9B71-ADC66398AE0A}.Debug-AnyCPU|Any CPU.ActiveCfg = Debug|Any CPU
		{C46C10B3-CB78-4C7F-9B71-ADC66398AE0A}.Debug-AnyCPU|Mixed Platforms.ActiveCfg = Debug|Any CPU
		{C46C10B3-CB78-4C7F-9B71-ADC66398AE0A}.Debug-AnyCPU|Mixed Platforms.Build.0 = Debug|Any CPU
		{C46C10B3-CB78-4C7F-9B71-ADC66398AE0A}.Debug-AnyCPU|x64.ActiveCfg = Debug|Any CPU
		{C46C10B3-CB78-4C7F-9B71-ADC66398AE0A}.Debug-AnyCPU|x86.ActiveCfg = Debug|Any CPU
		{C46C10B3-CB78-4C7F-9B71-ADC66398AE0A}.Release|Any CPU.ActiveCfg = Release|Any CPU
		{C46C10B3-CB78-4C7F-9B71-ADC66398AE0A}.Release|Any CPU.Build.0 = Release|Any CPU
		{C46C10B3-CB78-4C7F-9B71-ADC66398AE0A}.Release|Mixed Platforms.ActiveCfg = Release|Any CPU
		{C46C10B3-CB78-4C7F-9B71-ADC66398AE0A}.Release|Mixed Platforms.Build.0 = Release|Any CPU
		{C46C10B3-CB78-4C7F-9B71-ADC66398AE0A}.Release|x64.ActiveCfg = Release|Any CPU
		{C46C10B3-CB78-4C7F-9B71-ADC66398AE0A}.Release|x86.ActiveCfg = Release|Any CPU
		{C442EB95-4425-47C1-86AB-E83E0C72D09F}.Debug|Any CPU.ActiveCfg = Debug|Any CPU
		{C442EB95-4425-47C1-86AB-E83E0C72D09F}.Debug|Mixed Platforms.ActiveCfg = Debug|Any CPU
		{C442EB95-4425-47C1-86AB-E83E0C72D09F}.Debug|x64.ActiveCfg = Debug|Any CPU
		{C442EB95-4425-47C1-86AB-E83E0C72D09F}.Debug|x86.ActiveCfg = Debug|Any CPU
		{C442EB95-4425-47C1-86AB-E83E0C72D09F}.Debug-AnyCPU|Any CPU.ActiveCfg = Debug|Any CPU
		{C442EB95-4425-47C1-86AB-E83E0C72D09F}.Debug-AnyCPU|Mixed Platforms.ActiveCfg = Debug|Any CPU
		{C442EB95-4425-47C1-86AB-E83E0C72D09F}.Debug-AnyCPU|Mixed Platforms.Build.0 = Debug|Any CPU
		{C442EB95-4425-47C1-86AB-E83E0C72D09F}.Debug-AnyCPU|Mixed Platforms.Deploy.0 = Debug|Any CPU
		{C442EB95-4425-47C1-86AB-E83E0C72D09F}.Debug-AnyCPU|x64.ActiveCfg = Debug|Any CPU
		{C442EB95-4425-47C1-86AB-E83E0C72D09F}.Debug-AnyCPU|x86.ActiveCfg = Debug|Any CPU
		{C442EB95-4425-47C1-86AB-E83E0C72D09F}.Release|Any CPU.ActiveCfg = Release|Any CPU
		{C442EB95-4425-47C1-86AB-E83E0C72D09F}.Release|Any CPU.Build.0 = Release|Any CPU
		{C442EB95-4425-47C1-86AB-E83E0C72D09F}.Release|Any CPU.Deploy.0 = Release|Any CPU
		{C442EB95-4425-47C1-86AB-E83E0C72D09F}.Release|Mixed Platforms.ActiveCfg = Release|Any CPU
		{C442EB95-4425-47C1-86AB-E83E0C72D09F}.Release|Mixed Platforms.Build.0 = Release|Any CPU
		{C442EB95-4425-47C1-86AB-E83E0C72D09F}.Release|Mixed Platforms.Deploy.0 = Release|Any CPU
		{C442EB95-4425-47C1-86AB-E83E0C72D09F}.Release|x64.ActiveCfg = Release|Any CPU
		{C442EB95-4425-47C1-86AB-E83E0C72D09F}.Release|x86.ActiveCfg = Release|Any CPU
		{EFD1C0EC-8317-483F-BB48-117F00ADF648}.Debug|Any CPU.ActiveCfg = Debug|Any CPU
		{EFD1C0EC-8317-483F-BB48-117F00ADF648}.Debug|Any CPU.Build.0 = Debug|Any CPU
		{EFD1C0EC-8317-483F-BB48-117F00ADF648}.Debug|Mixed Platforms.ActiveCfg = Debug|Any CPU
		{EFD1C0EC-8317-483F-BB48-117F00ADF648}.Debug|Mixed Platforms.Build.0 = Debug|Any CPU
		{EFD1C0EC-8317-483F-BB48-117F00ADF648}.Debug|x64.ActiveCfg = Debug|Any CPU
		{EFD1C0EC-8317-483F-BB48-117F00ADF648}.Debug|x86.ActiveCfg = Debug|Any CPU
		{EFD1C0EC-8317-483F-BB48-117F00ADF648}.Debug-AnyCPU|Any CPU.ActiveCfg = Debug|Any CPU
		{EFD1C0EC-8317-483F-BB48-117F00ADF648}.Debug-AnyCPU|Any CPU.Build.0 = Debug|Any CPU
		{EFD1C0EC-8317-483F-BB48-117F00ADF648}.Debug-AnyCPU|Mixed Platforms.ActiveCfg = Debug|Any CPU
		{EFD1C0EC-8317-483F-BB48-117F00ADF648}.Debug-AnyCPU|Mixed Platforms.Build.0 = Debug|Any CPU
		{EFD1C0EC-8317-483F-BB48-117F00ADF648}.Debug-AnyCPU|x64.ActiveCfg = Debug|Any CPU
		{EFD1C0EC-8317-483F-BB48-117F00ADF648}.Debug-AnyCPU|x86.ActiveCfg = Debug|Any CPU
		{EFD1C0EC-8317-483F-BB48-117F00ADF648}.Release|Any CPU.ActiveCfg = Release|Any CPU
		{EFD1C0EC-8317-483F-BB48-117F00ADF648}.Release|Any CPU.Build.0 = Release|Any CPU
		{EFD1C0EC-8317-483F-BB48-117F00ADF648}.Release|Mixed Platforms.ActiveCfg = Release|Any CPU
		{EFD1C0EC-8317-483F-BB48-117F00ADF648}.Release|Mixed Platforms.Build.0 = Release|Any CPU
		{EFD1C0EC-8317-483F-BB48-117F00ADF648}.Release|x64.ActiveCfg = Release|Any CPU
		{EFD1C0EC-8317-483F-BB48-117F00ADF648}.Release|x86.ActiveCfg = Release|Any CPU
		{5340045D-29EF-4B5B-A696-4C38E3F16E08}.Debug|Any CPU.ActiveCfg = Debug|Any CPU
		{5340045D-29EF-4B5B-A696-4C38E3F16E08}.Debug|Any CPU.Build.0 = Debug|Any CPU
		{5340045D-29EF-4B5B-A696-4C38E3F16E08}.Debug|Mixed Platforms.ActiveCfg = Debug|Any CPU
		{5340045D-29EF-4B5B-A696-4C38E3F16E08}.Debug|Mixed Platforms.Build.0 = Debug|Any CPU
		{5340045D-29EF-4B5B-A696-4C38E3F16E08}.Debug|x64.ActiveCfg = Debug|Any CPU
		{5340045D-29EF-4B5B-A696-4C38E3F16E08}.Debug|x86.ActiveCfg = Debug|Any CPU
		{5340045D-29EF-4B5B-A696-4C38E3F16E08}.Debug-AnyCPU|Any CPU.ActiveCfg = Debug|Any CPU
		{5340045D-29EF-4B5B-A696-4C38E3F16E08}.Debug-AnyCPU|Any CPU.Build.0 = Debug|Any CPU
		{5340045D-29EF-4B5B-A696-4C38E3F16E08}.Debug-AnyCPU|Mixed Platforms.ActiveCfg = Debug|Any CPU
		{5340045D-29EF-4B5B-A696-4C38E3F16E08}.Debug-AnyCPU|Mixed Platforms.Build.0 = Debug|Any CPU
		{5340045D-29EF-4B5B-A696-4C38E3F16E08}.Debug-AnyCPU|x64.ActiveCfg = Debug|Any CPU
		{5340045D-29EF-4B5B-A696-4C38E3F16E08}.Debug-AnyCPU|x86.ActiveCfg = Debug|Any CPU
		{5340045D-29EF-4B5B-A696-4C38E3F16E08}.Release|Any CPU.ActiveCfg = Release|Any CPU
		{5340045D-29EF-4B5B-A696-4C38E3F16E08}.Release|Any CPU.Build.0 = Release|Any CPU
		{5340045D-29EF-4B5B-A696-4C38E3F16E08}.Release|Mixed Platforms.ActiveCfg = Release|Any CPU
		{5340045D-29EF-4B5B-A696-4C38E3F16E08}.Release|Mixed Platforms.Build.0 = Release|Any CPU
		{5340045D-29EF-4B5B-A696-4C38E3F16E08}.Release|x64.ActiveCfg = Release|Any CPU
		{5340045D-29EF-4B5B-A696-4C38E3F16E08}.Release|x86.ActiveCfg = Release|Any CPU
		{D92511EA-C93E-4460-9570-9A5B5C7845E1}.Debug|Any CPU.ActiveCfg = Debug|Any CPU
		{D92511EA-C93E-4460-9570-9A5B5C7845E1}.Debug|Any CPU.Build.0 = Debug|Any CPU
		{D92511EA-C93E-4460-9570-9A5B5C7845E1}.Debug|Mixed Platforms.ActiveCfg = Debug|Any CPU
		{D92511EA-C93E-4460-9570-9A5B5C7845E1}.Debug|Mixed Platforms.Build.0 = Debug|Any CPU
		{D92511EA-C93E-4460-9570-9A5B5C7845E1}.Debug|x64.ActiveCfg = Debug|Any CPU
		{D92511EA-C93E-4460-9570-9A5B5C7845E1}.Debug|x86.ActiveCfg = Debug|Any CPU
		{D92511EA-C93E-4460-9570-9A5B5C7845E1}.Debug-AnyCPU|Any CPU.ActiveCfg = Debug|Any CPU
		{D92511EA-C93E-4460-9570-9A5B5C7845E1}.Debug-AnyCPU|Any CPU.Build.0 = Debug|Any CPU
		{D92511EA-C93E-4460-9570-9A5B5C7845E1}.Debug-AnyCPU|Mixed Platforms.ActiveCfg = Debug|Any CPU
		{D92511EA-C93E-4460-9570-9A5B5C7845E1}.Debug-AnyCPU|Mixed Platforms.Build.0 = Debug|Any CPU
		{D92511EA-C93E-4460-9570-9A5B5C7845E1}.Debug-AnyCPU|x64.ActiveCfg = Debug|Any CPU
		{D92511EA-C93E-4460-9570-9A5B5C7845E1}.Debug-AnyCPU|x86.ActiveCfg = Debug|Any CPU
		{D92511EA-C93E-4460-9570-9A5B5C7845E1}.Release|Any CPU.ActiveCfg = Release|Any CPU
		{D92511EA-C93E-4460-9570-9A5B5C7845E1}.Release|Any CPU.Build.0 = Release|Any CPU
		{D92511EA-C93E-4460-9570-9A5B5C7845E1}.Release|Mixed Platforms.ActiveCfg = Release|Any CPU
		{D92511EA-C93E-4460-9570-9A5B5C7845E1}.Release|Mixed Platforms.Build.0 = Release|Any CPU
		{D92511EA-C93E-4460-9570-9A5B5C7845E1}.Release|x64.ActiveCfg = Release|Any CPU
		{D92511EA-C93E-4460-9570-9A5B5C7845E1}.Release|x86.ActiveCfg = Release|Any CPU
		{F182C905-0695-40E5-A172-2D685F99BDC4}.Debug|Any CPU.ActiveCfg = Debug|Any CPU
		{F182C905-0695-40E5-A172-2D685F99BDC4}.Debug|Any CPU.Build.0 = Debug|Any CPU
		{F182C905-0695-40E5-A172-2D685F99BDC4}.Debug|Mixed Platforms.ActiveCfg = Debug|Any CPU
		{F182C905-0695-40E5-A172-2D685F99BDC4}.Debug|Mixed Platforms.Build.0 = Debug|Any CPU
		{F182C905-0695-40E5-A172-2D685F99BDC4}.Debug|x64.ActiveCfg = Debug|Any CPU
		{F182C905-0695-40E5-A172-2D685F99BDC4}.Debug|x86.ActiveCfg = Debug|Any CPU
		{F182C905-0695-40E5-A172-2D685F99BDC4}.Debug-AnyCPU|Any CPU.ActiveCfg = Debug|Any CPU
		{F182C905-0695-40E5-A172-2D685F99BDC4}.Debug-AnyCPU|Any CPU.Build.0 = Debug|Any CPU
		{F182C905-0695-40E5-A172-2D685F99BDC4}.Debug-AnyCPU|Mixed Platforms.ActiveCfg = Debug|Any CPU
		{F182C905-0695-40E5-A172-2D685F99BDC4}.Debug-AnyCPU|Mixed Platforms.Build.0 = Debug|Any CPU
		{F182C905-0695-40E5-A172-2D685F99BDC4}.Debug-AnyCPU|x64.ActiveCfg = Debug|Any CPU
		{F182C905-0695-40E5-A172-2D685F99BDC4}.Debug-AnyCPU|x86.ActiveCfg = Debug|Any CPU
		{F182C905-0695-40E5-A172-2D685F99BDC4}.Release|Any CPU.ActiveCfg = Release|Any CPU
		{F182C905-0695-40E5-A172-2D685F99BDC4}.Release|Any CPU.Build.0 = Release|Any CPU
		{F182C905-0695-40E5-A172-2D685F99BDC4}.Release|Mixed Platforms.ActiveCfg = Release|Any CPU
		{F182C905-0695-40E5-A172-2D685F99BDC4}.Release|Mixed Platforms.Build.0 = Release|Any CPU
		{F182C905-0695-40E5-A172-2D685F99BDC4}.Release|x64.ActiveCfg = Release|Any CPU
		{F182C905-0695-40E5-A172-2D685F99BDC4}.Release|x86.ActiveCfg = Release|Any CPU
		{48BC2EEA-545E-40AF-A8DC-F7477361D76E}.Debug|Any CPU.ActiveCfg = Debug|Any CPU
		{48BC2EEA-545E-40AF-A8DC-F7477361D76E}.Debug|Any CPU.Build.0 = Debug|Any CPU
		{48BC2EEA-545E-40AF-A8DC-F7477361D76E}.Debug|Mixed Platforms.ActiveCfg = Debug|Any CPU
		{48BC2EEA-545E-40AF-A8DC-F7477361D76E}.Debug|Mixed Platforms.Build.0 = Debug|Any CPU
		{48BC2EEA-545E-40AF-A8DC-F7477361D76E}.Debug|x64.ActiveCfg = Debug|Any CPU
		{48BC2EEA-545E-40AF-A8DC-F7477361D76E}.Debug|x86.ActiveCfg = Debug|Any CPU
		{48BC2EEA-545E-40AF-A8DC-F7477361D76E}.Debug-AnyCPU|Any CPU.ActiveCfg = Debug|Any CPU
		{48BC2EEA-545E-40AF-A8DC-F7477361D76E}.Debug-AnyCPU|Any CPU.Build.0 = Debug|Any CPU
		{48BC2EEA-545E-40AF-A8DC-F7477361D76E}.Debug-AnyCPU|Mixed Platforms.ActiveCfg = Debug|Any CPU
		{48BC2EEA-545E-40AF-A8DC-F7477361D76E}.Debug-AnyCPU|Mixed Platforms.Build.0 = Debug|Any CPU
		{48BC2EEA-545E-40AF-A8DC-F7477361D76E}.Debug-AnyCPU|x64.ActiveCfg = Debug|Any CPU
		{48BC2EEA-545E-40AF-A8DC-F7477361D76E}.Debug-AnyCPU|x86.ActiveCfg = Debug|Any CPU
		{48BC2EEA-545E-40AF-A8DC-F7477361D76E}.Release|Any CPU.ActiveCfg = Release|Any CPU
		{48BC2EEA-545E-40AF-A8DC-F7477361D76E}.Release|Any CPU.Build.0 = Release|Any CPU
		{48BC2EEA-545E-40AF-A8DC-F7477361D76E}.Release|Mixed Platforms.ActiveCfg = Release|Any CPU
		{48BC2EEA-545E-40AF-A8DC-F7477361D76E}.Release|Mixed Platforms.Build.0 = Release|Any CPU
		{48BC2EEA-545E-40AF-A8DC-F7477361D76E}.Release|x64.ActiveCfg = Release|Any CPU
		{48BC2EEA-545E-40AF-A8DC-F7477361D76E}.Release|x86.ActiveCfg = Release|Any CPU
		{4600FC30-DDAE-4C27-9561-E90508286539}.Debug|Any CPU.ActiveCfg = Debug|Any CPU
		{4600FC30-DDAE-4C27-9561-E90508286539}.Debug|Any CPU.Build.0 = Debug|Any CPU
		{4600FC30-DDAE-4C27-9561-E90508286539}.Debug|Mixed Platforms.ActiveCfg = Debug|Any CPU
		{4600FC30-DDAE-4C27-9561-E90508286539}.Debug|Mixed Platforms.Build.0 = Debug|Any CPU
		{4600FC30-DDAE-4C27-9561-E90508286539}.Debug|x64.ActiveCfg = Debug|Any CPU
		{4600FC30-DDAE-4C27-9561-E90508286539}.Debug|x64.Build.0 = Debug|Any CPU
		{4600FC30-DDAE-4C27-9561-E90508286539}.Debug|x86.ActiveCfg = Debug|Any CPU
		{4600FC30-DDAE-4C27-9561-E90508286539}.Debug|x86.Build.0 = Debug|Any CPU
		{4600FC30-DDAE-4C27-9561-E90508286539}.Debug-AnyCPU|Any CPU.ActiveCfg = Debug|Any CPU
		{4600FC30-DDAE-4C27-9561-E90508286539}.Debug-AnyCPU|Any CPU.Build.0 = Debug|Any CPU
		{4600FC30-DDAE-4C27-9561-E90508286539}.Debug-AnyCPU|Mixed Platforms.ActiveCfg = Debug|Any CPU
		{4600FC30-DDAE-4C27-9561-E90508286539}.Debug-AnyCPU|Mixed Platforms.Build.0 = Debug|Any CPU
		{4600FC30-DDAE-4C27-9561-E90508286539}.Debug-AnyCPU|x64.ActiveCfg = Debug|Any CPU
		{4600FC30-DDAE-4C27-9561-E90508286539}.Debug-AnyCPU|x64.Build.0 = Debug|Any CPU
		{4600FC30-DDAE-4C27-9561-E90508286539}.Debug-AnyCPU|x86.ActiveCfg = Debug|Any CPU
		{4600FC30-DDAE-4C27-9561-E90508286539}.Debug-AnyCPU|x86.Build.0 = Debug|Any CPU
		{4600FC30-DDAE-4C27-9561-E90508286539}.Release|Any CPU.ActiveCfg = Release|Any CPU
		{4600FC30-DDAE-4C27-9561-E90508286539}.Release|Any CPU.Build.0 = Release|Any CPU
		{4600FC30-DDAE-4C27-9561-E90508286539}.Release|Mixed Platforms.ActiveCfg = Release|Any CPU
		{4600FC30-DDAE-4C27-9561-E90508286539}.Release|Mixed Platforms.Build.0 = Release|Any CPU
		{4600FC30-DDAE-4C27-9561-E90508286539}.Release|x64.ActiveCfg = Release|Any CPU
		{4600FC30-DDAE-4C27-9561-E90508286539}.Release|x64.Build.0 = Release|Any CPU
		{4600FC30-DDAE-4C27-9561-E90508286539}.Release|x86.ActiveCfg = Release|Any CPU
		{4600FC30-DDAE-4C27-9561-E90508286539}.Release|x86.Build.0 = Release|Any CPU
	EndGlobalSection
	GlobalSection(SolutionProperties) = preSolution
		HideSolutionNode = FALSE
	EndGlobalSection
	GlobalSection(ExtensibilityGlobals) = postSolution
		VisualSVNWorkingCopyRoot = .
	EndGlobalSection
	GlobalSection(SubversionScc) = preSolution
		Svn-Managed = True
		Manager = AnkhSVN - Subversion Support for Visual Studio
	EndGlobalSection
EndGlobal
